
Microsoft Visual Studio Solution File, Format Version 12.00
# Visual Studio Version 17
VisualStudioVersion = 17.11.35312.102
MinimumVisualStudioVersion = 10.0.40219.1
Project("{FAE04EC0-301F-11D3-BF4B-00C04F79EFBC}") = "01_MainSubjects", "01_MainSubjects\01_MainSubjects.csproj", "{34B28030-4C2A-4C39-8852-85F9E3F0F33A}"
EndProject
Project("{FAE04EC0-301F-11D3-BF4B-00C04F79EFBC}") = "02_Variables", "02_Variables\02_Variables.csproj", "{8998BFB4-D1F8-48B9-96AE-EC4E6B76E4F2}"
EndProject
Global
	GlobalSection(SolutionConfigurationPlatforms) = preSolution
		Debug|Any CPU = Debug|Any CPU
		Release|Any CPU = Release|Any CPU
	EndGlobalSection
	GlobalSection(ProjectConfigurationPlatforms) = postSolution
		{34B28030-4C2A-4C39-8852-85F9E3F0F33A}.Debug|Any CPU.ActiveCfg = Debug|Any CPU
		{34B28030-4C2A-4C39-8852-85F9E3F0F33A}.Debug|Any CPU.Build.0 = Debug|Any CPU
		{34B28030-4C2A-4C39-8852-85F9E3F0F33A}.Release|Any CPU.ActiveCfg = Release|Any CPU
		{34B28030-4C2A-4C39-8852-85F9E3F0F33A}.Release|Any CPU.Build.0 = Release|Any CPU
		{8998BFB4-D1F8-48B9-96AE-EC4E6B76E4F2}.Debug|Any CPU.ActiveCfg = Debug|Any CPU
		{8998BFB4-D1F8-48B9-96AE-EC4E6B76E4F2}.Debug|Any CPU.Build.0 = Debug|Any CPU
		{8998BFB4-D1F8-48B9-96AE-EC4E6B76E4F2}.Release|Any CPU.ActiveCfg = Release|Any CPU
		{8998BFB4-D1F8-48B9-96AE-EC4E6B76E4F2}.Release|Any CPU.Build.0 = Release|Any CPU
	EndGlobalSection
	GlobalSection(SolutionProperties) = preSolution
		HideSolutionNode = FALSE
	EndGlobalSection
	GlobalSection(ExtensibilityGlobals) = postSolution
		SolutionGuid = {74BFABEE-BBF1-48D1-8A7E-3B1FA3DD6265}
	EndGlobalSection
EndGlobal
